// !$*UTF8*$!
{
	archiveVersion = 1;
	classes = {
	};
	objectVersion = 50;
	objects = {

/* Begin PBXBuildFile section */
		323E016A269E24F7000C61DD /* AppDelegate.swift in Sources */ = {isa = PBXBuildFile; fileRef = 323E0169269E24F7000C61DD /* AppDelegate.swift */; };
		323E016C269E24F7000C61DD /* SceneDelegate.swift in Sources */ = {isa = PBXBuildFile; fileRef = 323E016B269E24F7000C61DD /* SceneDelegate.swift */; };
		323E016E269E24F7000C61DD /* ViewController.swift in Sources */ = {isa = PBXBuildFile; fileRef = 323E016D269E24F7000C61DD /* ViewController.swift */; };
		323E0171269E24F7000C61DD /* Main.storyboard in Resources */ = {isa = PBXBuildFile; fileRef = 323E016F269E24F7000C61DD /* Main.storyboard */; };
		323E0173269E24F9000C61DD /* Assets.xcassets in Resources */ = {isa = PBXBuildFile; fileRef = 323E0172269E24F9000C61DD /* Assets.xcassets */; };
		323E0176269E24F9000C61DD /* LaunchScreen.storyboard in Resources */ = {isa = PBXBuildFile; fileRef = 323E0174269E24F9000C61DD /* LaunchScreen.storyboard */; };
		323E0181269E24FA000C61DD /* P2_Guess_The_FlagTests.swift in Sources */ = {isa = PBXBuildFile; fileRef = 323E0180269E24FA000C61DD /* P2_Guess_The_FlagTests.swift */; };
		323E018C269E24FA000C61DD /* P2_Guess_The_FlagUITests.swift in Sources */ = {isa = PBXBuildFile; fileRef = 323E018B269E24FA000C61DD /* P2_Guess_The_FlagUITests.swift */; };
/* End PBXBuildFile section */

/* Begin PBXContainerItemProxy section */
		323E017D269E24FA000C61DD /* PBXContainerItemProxy */ = {
			isa = PBXContainerItemProxy;
			containerPortal = 323E015E269E24F7000C61DD /* Project object */;
			proxyType = 1;
			remoteGlobalIDString = 323E0165269E24F7000C61DD;
			remoteInfo = "P2.Guess The Flag";
		};
		323E0188269E24FA000C61DD /* PBXContainerItemProxy */ = {
			isa = PBXContainerItemProxy;
			containerPortal = 323E015E269E24F7000C61DD /* Project object */;
			proxyType = 1;
			remoteGlobalIDString = 323E0165269E24F7000C61DD;
			remoteInfo = "P2.Guess The Flag";
		};
/* End PBXContainerItemProxy section */

/* Begin PBXFileReference section */
		323E0166269E24F7000C61DD /* P2.Guess The Flag.app */ = {isa = PBXFileReference; explicitFileType = wrapper.application; includeInIndex = 0; path = "P2.Guess The Flag.app"; sourceTree = BUILT_PRODUCTS_DIR; };
		323E0169269E24F7000C61DD /* AppDelegate.swift */ = {isa = PBXFileReference; lastKnownFileType = sourcecode.swift; path = AppDelegate.swift; sourceTree = "<group>"; };
		323E016B269E24F7000C61DD /* SceneDelegate.swift */ = {isa = PBXFileReference; lastKnownFileType = sourcecode.swift; path = SceneDelegate.swift; sourceTree = "<group>"; };
		323E016D269E24F7000C61DD /* ViewController.swift */ = {isa = PBXFileReference; lastKnownFileType = sourcecode.swift; path = ViewController.swift; sourceTree = "<group>"; };
		323E0170269E24F7000C61DD /* Base */ = {isa = PBXFileReference; lastKnownFileType = file.storyboard; name = Base; path = Base.lproj/Main.storyboard; sourceTree = "<group>"; };
		323E0172269E24F9000C61DD /* Assets.xcassets */ = {isa = PBXFileReference; lastKnownFileType = folder.assetcatalog; path = Assets.xcassets; sourceTree = "<group>"; };
		323E0175269E24F9000C61DD /* Base */ = {isa = PBXFileReference; lastKnownFileType = file.storyboard; name = Base; path = Base.lproj/LaunchScreen.storyboard; sourceTree = "<group>"; };
		323E0177269E24F9000C61DD /* Info.plist */ = {isa = PBXFileReference; lastKnownFileType = text.plist.xml; path = Info.plist; sourceTree = "<group>"; };
		323E017C269E24FA000C61DD /* P2.Guess The FlagTests.xctest */ = {isa = PBXFileReference; explicitFileType = wrapper.cfbundle; includeInIndex = 0; path = "P2.Guess The FlagTests.xctest"; sourceTree = BUILT_PRODUCTS_DIR; };
		323E0180269E24FA000C61DD /* P2_Guess_The_FlagTests.swift */ = {isa = PBXFileReference; lastKnownFileType = sourcecode.swift; path = P2_Guess_The_FlagTests.swift; sourceTree = "<group>"; };
		323E0182269E24FA000C61DD /* Info.plist */ = {isa = PBXFileReference; lastKnownFileType = text.plist.xml; path = Info.plist; sourceTree = "<group>"; };
		323E0187269E24FA000C61DD /* P2.Guess The FlagUITests.xctest */ = {isa = PBXFileReference; explicitFileType = wrapper.cfbundle; includeInIndex = 0; path = "P2.Guess The FlagUITests.xctest"; sourceTree = BUILT_PRODUCTS_DIR; };
		323E018B269E24FA000C61DD /* P2_Guess_The_FlagUITests.swift */ = {isa = PBXFileReference; lastKnownFileType = sourcecode.swift; path = P2_Guess_The_FlagUITests.swift; sourceTree = "<group>"; };
		323E018D269E24FA000C61DD /* Info.plist */ = {isa = PBXFileReference; lastKnownFileType = text.plist.xml; path = Info.plist; sourceTree = "<group>"; };
/* End PBXFileReference section */

/* Begin PBXFrameworksBuildPhase section */
		323E0163269E24F7000C61DD /* Frameworks */ = {
			isa = PBXFrameworksBuildPhase;
			buildActionMask = 2147483647;
			files = (
			);
			runOnlyForDeploymentPostprocessing = 0;
		};
		323E0179269E24FA000C61DD /* Frameworks */ = {
			isa = PBXFrameworksBuildPhase;
			buildActionMask = 2147483647;
			files = (
			);
			runOnlyForDeploymentPostprocessing = 0;
		};
		323E0184269E24FA000C61DD /* Frameworks */ = {
			isa = PBXFrameworksBuildPhase;
			buildActionMask = 2147483647;
			files = (
			);
			runOnlyForDeploymentPostprocessing = 0;
		};
/* End PBXFrameworksBuildPhase section */

/* Begin PBXGroup section */
		323E015D269E24F7000C61DD = {
			isa = PBXGroup;
			children = (
				323E0168269E24F7000C61DD /* P2.Guess The Flag */,
				323E017F269E24FA000C61DD /* P2.Guess The FlagTests */,
				323E018A269E24FA000C61DD /* P2.Guess The FlagUITests */,
				323E0167269E24F7000C61DD /* Products */,
			);
			sourceTree = "<group>";
		};
		323E0167269E24F7000C61DD /* Products */ = {
			isa = PBXGroup;
			children = (
				323E0166269E24F7000C61DD /* P2.Guess The Flag.app */,
				323E017C269E24FA000C61DD /* P2.Guess The FlagTests.xctest */,
				323E0187269E24FA000C61DD /* P2.Guess The FlagUITests.xctest */,
			);
			name = Products;
			sourceTree = "<group>";
		};
		323E0168269E24F7000C61DD /* P2.Guess The Flag */ = {
			isa = PBXGroup;
			children = (
				323E0169269E24F7000C61DD /* AppDelegate.swift */,
				323E016B269E24F7000C61DD /* SceneDelegate.swift */,
				323E016D269E24F7000C61DD /* ViewController.swift */,
				323E016F269E24F7000C61DD /* Main.storyboard */,
				323E0172269E24F9000C61DD /* Assets.xcassets */,
				323E0174269E24F9000C61DD /* LaunchScreen.storyboard */,
				323E0177269E24F9000C61DD /* Info.plist */,
			);
			path = "P2.Guess The Flag";
			sourceTree = "<group>";
		};
		323E017F269E24FA000C61DD /* P2.Guess The FlagTests */ = {
			isa = PBXGroup;
			children = (
				323E0180269E24FA000C61DD /* P2_Guess_The_FlagTests.swift */,
				323E0182269E24FA000C61DD /* Info.plist */,
			);
			path = "P2.Guess The FlagTests";
			sourceTree = "<group>";
		};
		323E018A269E24FA000C61DD /* P2.Guess The FlagUITests */ = {
			isa = PBXGroup;
			children = (
				323E018B269E24FA000C61DD /* P2_Guess_The_FlagUITests.swift */,
				323E018D269E24FA000C61DD /* Info.plist */,
			);
			path = "P2.Guess The FlagUITests";
			sourceTree = "<group>";
		};
/* End PBXGroup section */

/* Begin PBXNativeTarget section */
		323E0165269E24F7000C61DD /* P2.Guess The Flag */ = {
			isa = PBXNativeTarget;
			buildConfigurationList = 323E0190269E24FA000C61DD /* Build configuration list for PBXNativeTarget "P2.Guess The Flag" */;
			buildPhases = (
				323E0162269E24F7000C61DD /* Sources */,
				323E0163269E24F7000C61DD /* Frameworks */,
				323E0164269E24F7000C61DD /* Resources */,
			);
			buildRules = (
			);
			dependencies = (
			);
			name = "P2.Guess The Flag";
			productName = "P2.Guess The Flag";
			productReference = 323E0166269E24F7000C61DD /* P2.Guess The Flag.app */;
			productType = "com.apple.product-type.application";
		};
		323E017B269E24FA000C61DD /* P2.Guess The FlagTests */ = {
			isa = PBXNativeTarget;
			buildConfigurationList = 323E0193269E24FA000C61DD /* Build configuration list for PBXNativeTarget "P2.Guess The FlagTests" */;
			buildPhases = (
				323E0178269E24FA000C61DD /* Sources */,
				323E0179269E24FA000C61DD /* Frameworks */,
				323E017A269E24FA000C61DD /* Resources */,
			);
			buildRules = (
			);
			dependencies = (
				323E017E269E24FA000C61DD /* PBXTargetDependency */,
			);
			name = "P2.Guess The FlagTests";
			productName = "P2.Guess The FlagTests";
			productReference = 323E017C269E24FA000C61DD /* P2.Guess The FlagTests.xctest */;
			productType = "com.apple.product-type.bundle.unit-test";
		};
		323E0186269E24FA000C61DD /* P2.Guess The FlagUITests */ = {
			isa = PBXNativeTarget;
			buildConfigurationList = 323E0196269E24FA000C61DD /* Build configuration list for PBXNativeTarget "P2.Guess The FlagUITests" */;
			buildPhases = (
				323E0183269E24FA000C61DD /* Sources */,
				323E0184269E24FA000C61DD /* Frameworks */,
				323E0185269E24FA000C61DD /* Resources */,
			);
			buildRules = (
			);
			dependencies = (
				323E0189269E24FA000C61DD /* PBXTargetDependency */,
			);
			name = "P2.Guess The FlagUITests";
			productName = "P2.Guess The FlagUITests";
			productReference = 323E0187269E24FA000C61DD /* P2.Guess The FlagUITests.xctest */;
			productType = "com.apple.product-type.bundle.ui-testing";
		};
/* End PBXNativeTarget section */

/* Begin PBXProject section */
		323E015E269E24F7000C61DD /* Project object */ = {
			isa = PBXProject;
			attributes = {
				LastSwiftUpdateCheck = 1250;
				LastUpgradeCheck = 1250;
				TargetAttributes = {
					323E0165269E24F7000C61DD = {
						CreatedOnToolsVersion = 12.5.1;
					};
					323E017B269E24FA000C61DD = {
						CreatedOnToolsVersion = 12.5.1;
						TestTargetID = 323E0165269E24F7000C61DD;
					};
					323E0186269E24FA000C61DD = {
						CreatedOnToolsVersion = 12.5.1;
						TestTargetID = 323E0165269E24F7000C61DD;
					};
				};
			};
			buildConfigurationList = 323E0161269E24F7000C61DD /* Build configuration list for PBXProject "P2.Guess The Flag" */;
			compatibilityVersion = "Xcode 9.3";
			developmentRegion = en;
			hasScannedForEncodings = 0;
			knownRegions = (
				en,
				Base,
			);
			mainGroup = 323E015D269E24F7000C61DD;
			productRefGroup = 323E0167269E24F7000C61DD /* Products */;
			projectDirPath = "";
			projectRoot = "";
			targets = (
				323E0165269E24F7000C61DD /* P2.Guess The Flag */,
				323E017B269E24FA000C61DD /* P2.Guess The FlagTests */,
				323E0186269E24FA000C61DD /* P2.Guess The FlagUITests */,
			);
		};
/* End PBXProject section */

/* Begin PBXResourcesBuildPhase section */
		323E0164269E24F7000C61DD /* Resources */ = {
			isa = PBXResourcesBuildPhase;
			buildActionMask = 2147483647;
			files = (
				323E0176269E24F9000C61DD /* LaunchScreen.storyboard in Resources */,
				323E0173269E24F9000C61DD /* Assets.xcassets in Resources */,
				323E0171269E24F7000C61DD /* Main.storyboard in Resources */,
			);
			runOnlyForDeploymentPostprocessing = 0;
		};
		323E017A269E24FA000C61DD /* Resources */ = {
			isa = PBXResourcesBuildPhase;
			buildActionMask = 2147483647;
			files = (
			);
			runOnlyForDeploymentPostprocessing = 0;
		};
		323E0185269E24FA000C61DD /* Resources */ = {
			isa = PBXResourcesBuildPhase;
			buildActionMask = 2147483647;
			files = (
			);
			runOnlyForDeploymentPostprocessing = 0;
		};
/* End PBXResourcesBuildPhase section */

/* Begin PBXSourcesBuildPhase section */
		323E0162269E24F7000C61DD /* Sources */ = {
			isa = PBXSourcesBuildPhase;
			buildActionMask = 2147483647;
			files = (
				323E016E269E24F7000C61DD /* ViewController.swift in Sources */,
				323E016A269E24F7000C61DD /* AppDelegate.swift in Sources */,
				323E016C269E24F7000C61DD /* SceneDelegate.swift in Sources */,
			);
			runOnlyForDeploymentPostprocessing = 0;
		};
		323E0178269E24FA000C61DD /* Sources */ = {
			isa = PBXSourcesBuildPhase;
			buildActionMask = 2147483647;
			files = (
				323E0181269E24FA000C61DD /* P2_Guess_The_FlagTests.swift in Sources */,
			);
			runOnlyForDeploymentPostprocessing = 0;
		};
		323E0183269E24FA000C61DD /* Sources */ = {
			isa = PBXSourcesBuildPhase;
			buildActionMask = 2147483647;
			files = (
				323E018C269E24FA000C61DD /* P2_Guess_The_FlagUITests.swift in Sources */,
			);
			runOnlyForDeploymentPostprocessing = 0;
		};
/* End PBXSourcesBuildPhase section */

/* Begin PBXTargetDependency section */
		323E017E269E24FA000C61DD /* PBXTargetDependency */ = {
			isa = PBXTargetDependency;
			target = 323E0165269E24F7000C61DD /* P2.Guess The Flag */;
			targetProxy = 323E017D269E24FA000C61DD /* PBXContainerItemProxy */;
		};
		323E0189269E24FA000C61DD /* PBXTargetDependency */ = {
			isa = PBXTargetDependency;
			target = 323E0165269E24F7000C61DD /* P2.Guess The Flag */;
			targetProxy = 323E0188269E24FA000C61DD /* PBXContainerItemProxy */;
		};
/* End PBXTargetDependency section */

/* Begin PBXVariantGroup section */
		323E016F269E24F7000C61DD /* Main.storyboard */ = {
			isa = PBXVariantGroup;
			children = (
				323E0170269E24F7000C61DD /* Base */,
			);
			name = Main.storyboard;
			sourceTree = "<group>";
		};
		323E0174269E24F9000C61DD /* LaunchScreen.storyboard */ = {
			isa = PBXVariantGroup;
			children = (
				323E0175269E24F9000C61DD /* Base */,
			);
			name = LaunchScreen.storyboard;
			sourceTree = "<group>";
		};
/* End PBXVariantGroup section */

/* Begin XCBuildConfiguration section */
		323E018E269E24FA000C61DD /* Debug */ = {
			isa = XCBuildConfiguration;
			buildSettings = {
				ALWAYS_SEARCH_USER_PATHS = NO;
				CLANG_ANALYZER_NONNULL = YES;
				CLANG_ANALYZER_NUMBER_OBJECT_CONVERSION = YES_AGGRESSIVE;
				CLANG_CXX_LANGUAGE_STANDARD = "gnu++14";
				CLANG_CXX_LIBRARY = "libc++";
				CLANG_ENABLE_MODULES = YES;
				CLANG_ENABLE_OBJC_ARC = YES;
				CLANG_ENABLE_OBJC_WEAK = YES;
				CLANG_WARN_BLOCK_CAPTURE_AUTORELEASING = YES;
				CLANG_WARN_BOOL_CONVERSION = YES;
				CLANG_WARN_COMMA = YES;
				CLANG_WARN_CONSTANT_CONVERSION = YES;
				CLANG_WARN_DEPRECATED_OBJC_IMPLEMENTATIONS = YES;
				CLANG_WARN_DIRECT_OBJC_ISA_USAGE = YES_ERROR;
				CLANG_WARN_DOCUMENTATION_COMMENTS = YES;
				CLANG_WARN_EMPTY_BODY = YES;
				CLANG_WARN_ENUM_CONVERSION = YES;
				CLANG_WARN_INFINITE_RECURSION = YES;
				CLANG_WARN_INT_CONVERSION = YES;
				CLANG_WARN_NON_LITERAL_NULL_CONVERSION = YES;
				CLANG_WARN_OBJC_IMPLICIT_RETAIN_SELF = YES;
				CLANG_WARN_OBJC_LITERAL_CONVERSION = YES;
				CLANG_WARN_OBJC_ROOT_CLASS = YES_ERROR;
				CLANG_WARN_QUOTED_INCLUDE_IN_FRAMEWORK_HEADER = YES;
				CLANG_WARN_RANGE_LOOP_ANALYSIS = YES;
				CLANG_WARN_STRICT_PROTOTYPES = YES;
				CLANG_WARN_SUSPICIOUS_MOVE = YES;
				CLANG_WARN_UNGUARDED_AVAILABILITY = YES_AGGRESSIVE;
				CLANG_WARN_UNREACHABLE_CODE = YES;
				CLANG_WARN__DUPLICATE_METHOD_MATCH = YES;
				COPY_PHASE_STRIP = NO;
				DEBUG_INFORMATION_FORMAT = dwarf;
				ENABLE_STRICT_OBJC_MSGSEND = YES;
				ENABLE_TESTABILITY = YES;
				GCC_C_LANGUAGE_STANDARD = gnu11;
				GCC_DYNAMIC_NO_PIC = NO;
				GCC_NO_COMMON_BLOCKS = YES;
				GCC_OPTIMIZATION_LEVEL = 0;
				GCC_PREPROCESSOR_DEFINITIONS = (
					"DEBUG=1",
					"$(inherited)",
				);
				GCC_WARN_64_TO_32_BIT_CONVERSION = YES;
				GCC_WARN_ABOUT_RETURN_TYPE = YES_ERROR;
				GCC_WARN_UNDECLARED_SELECTOR = YES;
				GCC_WARN_UNINITIALIZED_AUTOS = YES_AGGRESSIVE;
				GCC_WARN_UNUSED_FUNCTION = YES;
				GCC_WARN_UNUSED_VARIABLE = YES;
				IPHONEOS_DEPLOYMENT_TARGET = 14.5;
				MTL_ENABLE_DEBUG_INFO = INCLUDE_SOURCE;
				MTL_FAST_MATH = YES;
				ONLY_ACTIVE_ARCH = YES;
				SDKROOT = iphoneos;
				SWIFT_ACTIVE_COMPILATION_CONDITIONS = DEBUG;
				SWIFT_OPTIMIZATION_LEVEL = "-Onone";
			};
			name = Debug;
		};
		323E018F269E24FA000C61DD /* Release */ = {
			isa = XCBuildConfiguration;
			buildSettings = {
				ALWAYS_SEARCH_USER_PATHS = NO;
				CLANG_ANALYZER_NONNULL = YES;
				CLANG_ANALYZER_NUMBER_OBJECT_CONVERSION = YES_AGGRESSIVE;
				CLANG_CXX_LANGUAGE_STANDARD = "gnu++14";
				CLANG_CXX_LIBRARY = "libc++";
				CLANG_ENABLE_MODULES = YES;
				CLANG_ENABLE_OBJC_ARC = YES;
				CLANG_ENABLE_OBJC_WEAK = YES;
				CLANG_WARN_BLOCK_CAPTURE_AUTORELEASING = YES;
				CLANG_WARN_BOOL_CONVERSION = YES;
				CLANG_WARN_COMMA = YES;
				CLANG_WARN_CONSTANT_CONVERSION = YES;
				CLANG_WARN_DEPRECATED_OBJC_IMPLEMENTATIONS = YES;
				CLANG_WARN_DIRECT_OBJC_ISA_USAGE = YES_ERROR;
				CLANG_WARN_DOCUMENTATION_COMMENTS = YES;
				CLANG_WARN_EMPTY_BODY = YES;
				CLANG_WARN_ENUM_CONVERSION = YES;
				CLANG_WARN_INFINITE_RECURSION = YES;
				CLANG_WARN_INT_CONVERSION = YES;
				CLANG_WARN_NON_LITERAL_NULL_CONVERSION = YES;
				CLANG_WARN_OBJC_IMPLICIT_RETAIN_SELF = YES;
				CLANG_WARN_OBJC_LITERAL_CONVERSION = YES;
				CLANG_WARN_OBJC_ROOT_CLASS = YES_ERROR;
				CLANG_WARN_QUOTED_INCLUDE_IN_FRAMEWORK_HEADER = YES;
				CLANG_WARN_RANGE_LOOP_ANALYSIS = YES;
				CLANG_WARN_STRICT_PROTOTYPES = YES;
				CLANG_WARN_SUSPICIOUS_MOVE = YES;
				CLANG_WARN_UNGUARDED_AVAILABILITY = YES_AGGRESSIVE;
				CLANG_WARN_UNREACHABLE_CODE = YES;
				CLANG_WARN__DUPLICATE_METHOD_MATCH = YES;
				COPY_PHASE_STRIP = NO;
				DEBUG_INFORMATION_FORMAT = "dwarf-with-dsym";
				ENABLE_NS_ASSERTIONS = NO;
				ENABLE_STRICT_OBJC_MSGSEND = YES;
				GCC_C_LANGUAGE_STANDARD = gnu11;
				GCC_NO_COMMON_BLOCKS = YES;
				GCC_WARN_64_TO_32_BIT_CONVERSION = YES;
				GCC_WARN_ABOUT_RETURN_TYPE = YES_ERROR;
				GCC_WARN_UNDECLARED_SELECTOR = YES;
				GCC_WARN_UNINITIALIZED_AUTOS = YES_AGGRESSIVE;
				GCC_WARN_UNUSED_FUNCTION = YES;
				GCC_WARN_UNUSED_VARIABLE = YES;
				IPHONEOS_DEPLOYMENT_TARGET = 14.5;
				MTL_ENABLE_DEBUG_INFO = NO;
				MTL_FAST_MATH = YES;
				SDKROOT = iphoneos;
				SWIFT_COMPILATION_MODE = wholemodule;
				SWIFT_OPTIMIZATION_LEVEL = "-O";
				VALIDATE_PRODUCT = YES;
			};
			name = Release;
		};
		323E0191269E24FA000C61DD /* Debug */ = {
			isa = XCBuildConfiguration;
			buildSettings = {
				ASSETCATALOG_COMPILER_APPICON_NAME = AppIcon;
				ASSETCATALOG_COMPILER_GLOBAL_ACCENT_COLOR_NAME = AccentColor;
				CODE_SIGN_STYLE = Automatic;
				INFOPLIST_FILE = "P2.Guess The Flag/Info.plist";
				LD_RUNPATH_SEARCH_PATHS = (
					"$(inherited)",
					"@executable_path/Frameworks",
				);
				PRODUCT_BUNDLE_IDENTIFIER = "IlijaP.P2-Guess-The-Flag";
				PRODUCT_NAME = "$(TARGET_NAME)";
				SWIFT_VERSION = 5.0;
				TARGETED_DEVICE_FAMILY = "1,2";
			};
			name = Debug;
		};
		323E0192269E24FA000C61DD /* Release */ = {
			isa = XCBuildConfiguration;
			buildSettings = {
				ASSETCATALOG_COMPILER_APPICON_NAME = AppIcon;
				ASSETCATALOG_COMPILER_GLOBAL_ACCENT_COLOR_NAME = AccentColor;
				CODE_SIGN_STYLE = Automatic;
				INFOPLIST_FILE = "P2.Guess The Flag/Info.plist";
				LD_RUNPATH_SEARCH_PATHS = (
					"$(inherited)",
					"@executable_path/Frameworks",
				);
				PRODUCT_BUNDLE_IDENTIFIER = "IlijaP.P2-Guess-The-Flag";
				PRODUCT_NAME = "$(TARGET_NAME)";
				SWIFT_VERSION = 5.0;
				TARGETED_DEVICE_FAMILY = "1,2";
			};
			name = Release;
		};
		323E0194269E24FA000C61DD /* Debug */ = {
			isa = XCBuildConfiguration;
			buildSettings = {
				ALWAYS_EMBED_SWIFT_STANDARD_LIBRARIES = YES;
				BUNDLE_LOADER = "$(TEST_HOST)";
				CODE_SIGN_STYLE = Automatic;
				INFOPLIST_FILE = "P2.Guess The FlagTests/Info.plist";
				IPHONEOS_DEPLOYMENT_TARGET = 14.5;
				LD_RUNPATH_SEARCH_PATHS = (
					"$(inherited)",
					"@executable_path/Frameworks",
					"@loader_path/Frameworks",
				);
				PRODUCT_BUNDLE_IDENTIFIER = "IlijaP.P2-Guess-The-FlagTests";
				PRODUCT_NAME = "$(TARGET_NAME)";
				SWIFT_VERSION = 5.0;
				TARGETED_DEVICE_FAMILY = "1,2";
				TEST_HOST = "$(BUILT_PRODUCTS_DIR)/P2.Guess The Flag.app/P2.Guess The Flag";
			};
			name = Debug;
		};
		323E0195269E24FA000C61DD /* Release */ = {
			isa = XCBuildConfiguration;
			buildSettings = {
				ALWAYS_EMBED_SWIFT_STANDARD_LIBRARIES = YES;
				BUNDLE_LOADER = "$(TEST_HOST)";
				CODE_SIGN_STYLE = Automatic;
				INFOPLIST_FILE = "P2.Guess The FlagTests/Info.plist";
				IPHONEOS_DEPLOYMENT_TARGET = 14.5;
				LD_RUNPATH_SEARCH_PATHS = (
					"$(inherited)",
					"@executable_path/Frameworks",
					"@loader_path/Frameworks",
				);
				PRODUCT_BUNDLE_IDENTIFIER = "IlijaP.P2-Guess-The-FlagTests";
				PRODUCT_NAME = "$(TARGET_NAME)";
				SWIFT_VERSION = 5.0;
				TARGETED_DEVICE_FAMILY = "1,2";
				TEST_HOST = "$(BUILT_PRODUCTS_DIR)/P2.Guess The Flag.app/P2.Guess The Flag";
			};
			name = Release;
		};
		323E0197269E24FA000C61DD /* Debug */ = {
			isa = XCBuildConfiguration;
			buildSettings = {
				ALWAYS_EMBED_SWIFT_STANDARD_LIBRARIES = YES;
				CODE_SIGN_STYLE = Automatic;
				INFOPLIST_FILE = "P2.Guess The FlagUITests/Info.plist";
				LD_RUNPATH_SEARCH_PATHS = (
					"$(inherited)",
					"@executable_path/Frameworks",
					"@loader_path/Frameworks",
				);
				PRODUCT_BUNDLE_IDENTIFIER = "IlijaP.P2-Guess-The-FlagUITests";
				PRODUCT_NAME = "$(TARGET_NAME)";
				SWIFT_VERSION = 5.0;
				TARGETED_DEVICE_FAMILY = "1,2";
				TEST_TARGET_NAME = "P2.Guess The Flag";
			};
			name = Debug;
		};
		323E0198269E24FA000C61DD /* Release */ = {
			isa = XCBuildConfiguration;
			buildSettings = {
				ALWAYS_EMBED_SWIFT_STANDARD_LIBRARIES = YES;
				CODE_SIGN_STYLE = Automatic;
				INFOPLIST_FILE = "P2.Guess The FlagUITests/Info.plist";
				LD_RUNPATH_SEARCH_PATHS = (
					"$(inherited)",
					"@executable_path/Frameworks",
					"@loader_path/Frameworks",
				);
				PRODUCT_BUNDLE_IDENTIFIER = "IlijaP.P2-Guess-The-FlagUITests";
				PRODUCT_NAME = "$(TARGET_NAME)";
				SWIFT_VERSION = 5.0;
				TARGETED_DEVICE_FAMILY = "1,2";
				TEST_TARGET_NAME = "P2.Guess The Flag";
			};
			name = Release;
		};
/* End XCBuildConfiguration section */

/* Begin XCConfigurationList section */
		323E0161269E24F7000C61DD /* Build configuration list for PBXProject "P2.Guess The Flag" */ = {
			isa = XCConfigurationList;
			buildConfigurations = (
				323E018E269E24FA000C61DD /* Debug */,
				323E018F269E24FA000C61DD /* Release */,
			);
			defaultConfigurationIsVisible = 0;
			defaultConfigurationName = Release;
		};
		323E0190269E24FA000C61DD /* Build configuration list for PBXNativeTarget "P2.Guess The Flag" */ = {
			isa = XCConfigurationList;
			buildConfigurations = (
				323E0191269E24FA000C61DD /* Debug */,
				323E0192269E24FA000C61DD /* Release */,
			);
			defaultConfigurationIsVisible = 0;
			defaultConfigurationName = Release;
		};
		323E0193269E24FA000C61DD /* Build configuration list for PBXNativeTarget "P2.Guess The FlagTests" */ = {
			isa = XCConfigurationList;
			buildConfigurations = (
				323E0194269E24FA000C61DD /* Debug */,
				323E0195269E24FA000C61DD /* Release */,
			);
			defaultConfigurationIsVisible = 0;
			defaultConfigurationName = Release;
		};
		323E0196269E24FA000C61DD /* Build configuration list for PBXNativeTarget "P2.Guess The FlagUITests" */ = {
			isa = XCConfigurationList;
			buildConfigurations = (
				323E0197269E24FA000C61DD /* Debug */,
				323E0198269E24FA000C61DD /* Release */,
			);
			defaultConfigurationIsVisible = 0;
			defaultConfigurationName = Release;
		};
/* End XCConfigurationList section */
	};
	rootObject = 323E015E269E24F7000C61DD /* Project object */;
}
